
Microsoft Visual Studio Solution File, Format Version 12.00
# Visual Studio 15
VisualStudioVersion = 15.0.27130.2010
MinimumVisualStudioVersion = 10.0.40219.1
Project("{2150E333-8FDC-42A3-9474-1A3956D46DE8}") = "src", "src", "{92C73EE1-4EF3-4721-B6A9-9F458A673CA3}"
EndProject
Project("{2150E333-8FDC-42A3-9474-1A3956D46DE8}") = "Solution Items", "Solution Items", "{3E52C226-1DA9-4712-AC4E-A8820473DDA8}"
	ProjectSection(SolutionItems) = preProject
		.editorconfig = .editorconfig
		.gitignore = .gitignore
		scripts\appsettings.json = scripts\appsettings.json
		azure-pipelines.client.yml = azure-pipelines.client.yml
		azure-pipelines.server.yml = azure-pipelines.server.yml
		src\Directory.build.props = src\Directory.build.props
		README.md = README.md
		scripts\Sign-Package.ps1 = scripts\Sign-Package.ps1
		version.json = version.json
	EndProjectSection
EndProject
Project("{9A19103F-16F7-4668-BE54-9A1E7A4F7556}") = "SignService", "src\SignService\SignService.csproj", "{9F556193-4978-4F31-A905-AC5699E05122}"
EndProject
Project("{9A19103F-16F7-4668-BE54-9A1E7A4F7556}") = "SignClient", "src\SignClient\SignClient.csproj", "{84FC3FBF-E14C-4268-8693-45CC82451DF3}"
EndProject
Project("{9A19103F-16F7-4668-BE54-9A1E7A4F7556}") = "InstallUtility", "src\InstallUtility\InstallUtility.csproj", "{C491BF8B-B3BD-4EDA-A5FC-4685CF99B88D}"
EndProject
Project("{2150E333-8FDC-42A3-9474-1A3956D46DE8}") = "docs", "docs", "{27C2600E-1F26-4527-8F33-4F4A37D18728}"
	ProjectSection(SolutionItems) = preProject
		docs\Administration.md = docs\Administration.md
		docs\Deployment.md = docs\Deployment.md
	EndProjectSection
EndProject
Project("{151D2E53-A2C4-4D7D-83FE-D05416EBD58E}") = "ArmDeploy", "arm\ArmDeploy\ArmDeploy.deployproj", "{752A5273-E533-4285-A74B-C0D6657636CB}"
EndProject
Global
	GlobalSection(SolutionConfigurationPlatforms) = preSolution
		Debug|Any CPU = Debug|Any CPU
		Release|Any CPU = Release|Any CPU
	EndGlobalSection
	GlobalSection(ProjectConfigurationPlatforms) = postSolution
		{9F556193-4978-4F31-A905-AC5699E05122}.Debug|Any CPU.ActiveCfg = Debug|Any CPU
		{9F556193-4978-4F31-A905-AC5699E05122}.Debug|Any CPU.Build.0 = Debug|Any CPU
		{9F556193-4978-4F31-A905-AC5699E05122}.Release|Any CPU.ActiveCfg = Release|Any CPU
		{9F556193-4978-4F31-A905-AC5699E05122}.Release|Any CPU.Build.0 = Release|Any CPU
		{84FC3FBF-E14C-4268-8693-45CC82451DF3}.Debug|Any CPU.ActiveCfg = Debug|Any CPU
		{84FC3FBF-E14C-4268-8693-45CC82451DF3}.Debug|Any CPU.Build.0 = Debug|Any CPU
		{84FC3FBF-E14C-4268-8693-45CC82451DF3}.Release|Any CPU.ActiveCfg = Release|Any CPU
		{84FC3FBF-E14C-4268-8693-45CC82451DF3}.Release|Any CPU.Build.0 = Release|Any CPU
		{C491BF8B-B3BD-4EDA-A5FC-4685CF99B88D}.Debug|Any CPU.ActiveCfg = Debug|Any CPU
		{C491BF8B-B3BD-4EDA-A5FC-4685CF99B88D}.Debug|Any CPU.Build.0 = Debug|Any CPU
		{C491BF8B-B3BD-4EDA-A5FC-4685CF99B88D}.Release|Any CPU.ActiveCfg = Release|Any CPU
		{C491BF8B-B3BD-4EDA-A5FC-4685CF99B88D}.Release|Any CPU.Build.0 = Release|Any CPU
		{752A5273-E533-4285-A74B-C0D6657636CB}.Debug|Any CPU.ActiveCfg = Debug|Any CPU
		{752A5273-E533-4285-A74B-C0D6657636CB}.Debug|Any CPU.Build.0 = Debug|Any CPU
		{752A5273-E533-4285-A74B-C0D6657636CB}.Release|Any CPU.ActiveCfg = Release|Any CPU
		{752A5273-E533-4285-A74B-C0D6657636CB}.Release|Any CPU.Build.0 = Release|Any CPU
	EndGlobalSection
	GlobalSection(SolutionProperties) = preSolution
		HideSolutionNode = FALSE
	EndGlobalSection
	GlobalSection(NestedProjects) = preSolution
		{9F556193-4978-4F31-A905-AC5699E05122} = {92C73EE1-4EF3-4721-B6A9-9F458A673CA3}
		{84FC3FBF-E14C-4268-8693-45CC82451DF3} = {92C73EE1-4EF3-4721-B6A9-9F458A673CA3}
		{C491BF8B-B3BD-4EDA-A5FC-4685CF99B88D} = {92C73EE1-4EF3-4721-B6A9-9F458A673CA3}
		{27C2600E-1F26-4527-8F33-4F4A37D18728} = {3E52C226-1DA9-4712-AC4E-A8820473DDA8}
		{752A5273-E533-4285-A74B-C0D6657636CB} = {92C73EE1-4EF3-4721-B6A9-9F458A673CA3}
	EndGlobalSection
	GlobalSection(ExtensibilityGlobals) = postSolution
		SolutionGuid = {7AA1043F-37A2-404F-8EC3-34C747C1CEB7}
	EndGlobalSection
EndGlobal
