
Microsoft Visual Studio Solution File, Format Version 12.00
# Visual Studio 14
VisualStudioVersion = 14.0.25420.1
MinimumVisualStudioVersion = 10.0.40219.1
Project("{2150E333-8FDC-42A3-9474-1A3956D46DE8}") = "src", "src", "{92C73EE1-4EF3-4721-B6A9-9F458A673CA3}"
EndProject
Project("{8BB2217D-0F2D-49D1-97BC-3654ED321F3B}") = "SignService", "src\SignService\SignService.xproj", "{9F556193-4978-4F31-A905-AC5699E05122}"
EndProject
Project("{8BB2217D-0F2D-49D1-97BC-3654ED321F3B}") = "SignClient", "src\SignClient\SignClient.xproj", "{84FC3FBF-E14C-4268-8693-45CC82451DF3}"
EndProject
Project("{FAE04EC0-301F-11D3-BF4B-00C04F79EFBC}") = "SignServiceClient", "src\SignServiceClient\SignServiceClient.csproj", "{4914DBFA-736A-4B29-B5E0-426475C28B71}"
EndProject
Global
	GlobalSection(SolutionConfigurationPlatforms) = preSolution
		Debug|Any CPU = Debug|Any CPU
		Release|Any CPU = Release|Any CPU
	EndGlobalSection
	GlobalSection(ProjectConfigurationPlatforms) = postSolution
		{9F556193-4978-4F31-A905-AC5699E05122}.Debug|Any CPU.ActiveCfg = Debug|Any CPU
		{9F556193-4978-4F31-A905-AC5699E05122}.Debug|Any CPU.Build.0 = Debug|Any CPU
		{9F556193-4978-4F31-A905-AC5699E05122}.Release|Any CPU.ActiveCfg = Release|Any CPU
		{9F556193-4978-4F31-A905-AC5699E05122}.Release|Any CPU.Build.0 = Release|Any CPU
		{84FC3FBF-E14C-4268-8693-45CC82451DF3}.Debug|Any CPU.ActiveCfg = Debug|Any CPU
		{84FC3FBF-E14C-4268-8693-45CC82451DF3}.Debug|Any CPU.Build.0 = Debug|Any CPU
		{84FC3FBF-E14C-4268-8693-45CC82451DF3}.Release|Any CPU.ActiveCfg = Release|Any CPU
		{84FC3FBF-E14C-4268-8693-45CC82451DF3}.Release|Any CPU.Build.0 = Release|Any CPU
		{4914DBFA-736A-4B29-B5E0-426475C28B71}.Debug|Any CPU.ActiveCfg = Debug|Any CPU
		{4914DBFA-736A-4B29-B5E0-426475C28B71}.Debug|Any CPU.Build.0 = Debug|Any CPU
		{4914DBFA-736A-4B29-B5E0-426475C28B71}.Release|Any CPU.ActiveCfg = Release|Any CPU
		{4914DBFA-736A-4B29-B5E0-426475C28B71}.Release|Any CPU.Build.0 = Release|Any CPU
	EndGlobalSection
	GlobalSection(SolutionProperties) = preSolution
		HideSolutionNode = FALSE
	EndGlobalSection
	GlobalSection(NestedProjects) = preSolution
		{9F556193-4978-4F31-A905-AC5699E05122} = {92C73EE1-4EF3-4721-B6A9-9F458A673CA3}
		{84FC3FBF-E14C-4268-8693-45CC82451DF3} = {92C73EE1-4EF3-4721-B6A9-9F458A673CA3}
		{4914DBFA-736A-4B29-B5E0-426475C28B71} = {92C73EE1-4EF3-4721-B6A9-9F458A673CA3}
	EndGlobalSection
EndGlobal
